
Microsoft Visual Studio Solution File, Format Version 12.00
# Visual Studio Version 16
VisualStudioVersion = 16.0.30907.101
MinimumVisualStudioVersion = 10.0.40219.1
Project("{FAE04EC0-301F-11D3-BF4B-00C04F79EFBC}") = "AngularJs_Exam", "AngularJs_Exam.csproj", "{B76F96FC-0251-46C3-8B4A-0C8F53EBFE11}"
EndProject
Global
	GlobalSection(SolutionConfigurationPlatforms) = preSolution
		Debug|Any CPU = Debug|Any CPU
		Release|Any CPU = Release|Any CPU
	EndGlobalSection
	GlobalSection(ProjectConfigurationPlatforms) = postSolution
		{B76F96FC-0251-46C3-8B4A-0C8F53EBFE11}.Debug|Any CPU.ActiveCfg = Debug|Any CPU
		{B76F96FC-0251-46C3-8B4A-0C8F53EBFE11}.Debug|Any CPU.Build.0 = Debug|Any CPU
		{B76F96FC-0251-46C3-8B4A-0C8F53EBFE11}.Release|Any CPU.ActiveCfg = Release|Any CPU
		{B76F96FC-0251-46C3-8B4A-0C8F53EBFE11}.Release|Any CPU.Build.0 = Release|Any CPU
	EndGlobalSection
	GlobalSection(SolutionProperties) = preSolution
		HideSolutionNode = FALSE
	EndGlobalSection
	GlobalSection(ExtensibilityGlobals) = postSolution
		SolutionGuid = {5C39FA83-632B-4FF2-B8E7-933BE53F8241}
	EndGlobalSection
EndGlobal
